
Microsoft Visual Studio Solution File, Format Version 12.00
# Visual Studio Version 16
VisualStudioVersion = 16.0.29519.181
MinimumVisualStudioVersion = 10.0.40219.1
Project("{888888A0-9F3D-457C-B088-3A5042F75D52}") = "AnimalAdoptionSystem", "AnimalAdoptionSystem\AnimalAdoptionSystem.pyproj", "{221C4122-E012-45E7-B42C-FD46414D785D}"
EndProject
Global
	GlobalSection(SolutionConfigurationPlatforms) = preSolution
		Debug|Any CPU = Debug|Any CPU
		Release|Any CPU = Release|Any CPU
	EndGlobalSection
	GlobalSection(ProjectConfigurationPlatforms) = postSolution
		{221C4122-E012-45E7-B42C-FD46414D785D}.Debug|Any CPU.ActiveCfg = Debug|Any CPU
		{221C4122-E012-45E7-B42C-FD46414D785D}.Debug|Any CPU.Build.0 = Debug|Any CPU
		{221C4122-E012-45E7-B42C-FD46414D785D}.Release|Any CPU.ActiveCfg = Release|Any CPU
		{221C4122-E012-45E7-B42C-FD46414D785D}.Release|Any CPU.Build.0 = Release|Any CPU
	EndGlobalSection
	GlobalSection(SolutionProperties) = preSolution
		HideSolutionNode = FALSE
	EndGlobalSection
	GlobalSection(ExtensibilityGlobals) = postSolution
		SolutionGuid = {2ABBB035-39CF-4F13-B128-F4CD726FD216}
	EndGlobalSection
EndGlobal
